lockfileVersion: '9.0'

settings:
  autoInstallPeers: true
  excludeLinksFromLockfile: false

importers:

  .:
    dependencies:
      '@types/node':
        specifier: ^22.13.5
        version: 22.13.5
      '@types/uuid':
        specifier: ^10.0.0
        version: 10.0.0
      dom-serializer:
        specifier: ^2.0.0
        version: 2.0.0
      domhandler:
        specifier: ^5.0.3
        version: 5.0.3
      htmlparser2:
        specifier: ^10.0.0
        version: 10.0.0
      jsx-xml:
        specifier: ^0.3.0
        version: 0.3.0
      uuid:
        specifier: ^11.1.0
        version: 11.1.0

packages:

  '@oozcitak/dom@1.15.10':
    resolution: {integrity: sha512-0JT29/LaxVgRcGKvHmSrUTEvZ8BXvZhGl2LASRUgHqDTC1M5g1pLmVv56IYNyt3bG2CUjDkc67wnyZC14pbQrQ==}
    engines: {node: '>=8.0'}

  '@oozcitak/infra@1.0.8':
    resolution: {integrity: sha512-JRAUc9VR6IGHOL7OGF+yrvs0LO8SlqGnPAMqyzOuFZPSZSXI7Xf2O9+awQPSMXgIWGtgUf/dA6Hs6X6ySEaWTg==}
    engines: {node: '>=6.0'}

  '@oozcitak/url@1.0.4':
    resolution: {integrity: sha512-kDcD8y+y3FCSOvnBI6HJgl00viO/nGbQoCINmQ0h98OhnGITrWR3bOGfwYCthgcrV8AnTJz8MzslTQbC3SOAmw==}
    engines: {node: '>=8.0'}

  '@oozcitak/util@8.3.8':
    resolution: {integrity: sha512-T8TbSnGsxo6TDBJx/Sgv/BlVJL3tshxZP7Aq5R1mSnM5OcHY2dQaxLMu2+E8u3gN0MLOzdjurqN4ZRVuzQycOQ==}
    engines: {node: '>=8.0'}

  '@types/node@22.13.5':
    resolution: {integrity: sha512-+lTU0PxZXn0Dr1NBtC7Y8cR21AJr87dLLU953CWA6pMxxv/UDc7jYAY90upcrie1nRcD6XNG5HOYEDtgW5TxAg==}

  '@types/uuid@10.0.0':
    resolution: {integrity: sha512-7gqG38EyHgyP1S+7+xomFtL+ZNHcKv6DwNaCZmJmo1vgMugyF3TCnXVg4t1uk89mLNwnLtnY3TpOpCOyp1/xHQ==}

  argparse@1.0.10:
    resolution: {integrity: sha512-o5Roy6tNG4SL/FOkCAN6RzjiakZS25RLYFrcMttJqbdd8BWrnA+fGz57iN5Pb06pvBGvl5gQ0B48dJlslXvoTg==}

  dom-serializer@2.0.0:
    resolution: {integrity: sha512-wIkAryiqt/nV5EQKqQpo3SToSOV9J0DnbJqwK7Wv/Trc92zIAYZ4FlMu+JPFW1DfGFt81ZTCGgDEabffXeLyJg==}

  domelementtype@2.3.0:
    resolution: {integrity: sha512-OLETBj6w0OsagBwdXnPdN0cnMfF9opN69co+7ZrbfPGrdpPVNBUj02spi6B1N7wChLQiPn4CSH/zJvXw56gmHw==}

  domhandler@5.0.3:
    resolution: {integrity: sha512-cgwlv/1iFQiFnU96XXgROh8xTeetsnJiDsTc7TYCLFd9+/WNkIqPTxiM/8pSd8VIrhXGTf1Ny1q1hquVqDJB5w==}
    engines: {node: '>= 4'}

  domutils@3.2.2:
    resolution: {integrity: sha512-6kZKyUajlDuqlHKVX1w7gyslj9MPIXzIFiz/rGu35uC1wMi+kMhQwGhl4lt9unC9Vb9INnY9Z3/ZA3+FhASLaw==}

  entities@4.5.0:
    resolution: {integrity: sha512-V0hjH4dGPh9Ao5p0MoRY6BVqtwCjhz6vI5LT8AJ55H+4g9/4vbHx1I54fS0XuclLhDHArPQCiMjDxjaL8fPxhw==}
    engines: {node: '>=0.12'}

  entities@6.0.0:
    resolution: {integrity: sha512-aKstq2TDOndCn4diEyp9Uq/Flu2i1GlLkc6XIDQSDMuaFE3OPW5OphLCyQ5SpSJZTb4reN+kTcYru5yIfXoRPw==}
    engines: {node: '>=0.12'}

  esprima@4.0.1:
    resolution: {integrity: sha512-eGuFFw7Upda+g4p+QHvnW0RyTX/SVeJBDM/gCtMARO0cLuT2HcEKnTPvhjV6aGeqrCB/sbNop0Kszm0jsaWU4A==}
    engines: {node: '>=4'}
    hasBin: true

  htmlparser2@10.0.0:
    resolution: {integrity: sha512-TwAZM+zE5Tq3lrEHvOlvwgj1XLWQCtaaibSN11Q+gGBAS7Y1uZSWwXXRe4iF6OXnaq1riyQAPFOBtYc77Mxq0g==}

  js-yaml@3.14.1:
    resolution: {integrity: sha512-okMH7OXXJ7YrN9Ok3/SXrnu4iX9yOk+25nqX4imS2npuvTYDmo/QEZoqwZkYaIDk3jVvBOTOIEgEhaLOynBS9g==}
    hasBin: true

  jsx-xml@0.3.0:
    resolution: {integrity: sha512-KXzxJw7FVURJKZiMOCwxa9oGd9mztLeIeQmUmfvt8lu+t31eRBm26czfz2SPh+0IgklJgt3Cebk96XYJ4y+dMw==}
    engines: {node: ^12.20.0 || ^14.13.1 || >=16.0.0}

  react-is@18.3.1:
    resolution: {integrity: sha512-/LLMVyas0ljjAtoYiPqYiL8VWXzUUdThrmU5+n20DZv+a+ClRoevUzw5JxU+Ieh5/c87ytoTBV9G1FiKfNJdmg==}

  sprintf-js@1.0.3:
    resolution: {integrity: sha512-D9cPgkvLlV3t3IzL0D0YLvGA9Ahk4PcvVwUbN0dSGr1aP0Nrt4AEnTUbuGvquEC0mA64Gqt1fzirlRs5ibXx8g==}

  undici-types@6.20.0:
    resolution: {integrity: sha512-Ny6QZ2Nju20vw1SRHe3d9jVu6gJ+4e3+MMpqu7pqE5HT6WsTSlce++GQmK5UXS8mzV8DSYHrQH+Xrf2jVcuKNg==}

  uuid@11.1.0:
    resolution: {integrity: sha512-0/A9rDy9P7cJ+8w1c9WD9V//9Wj15Ce2MPz8Ri6032usz+NfePxx5AcN3bN+r6ZL6jEo066/yNYB3tn4pQEx+A==}
    hasBin: true

  xmlbuilder2@3.1.1:
    resolution: {integrity: sha512-WCSfbfZnQDdLQLiMdGUQpMxxckeQ4oZNMNhLVkcekTu7xhD4tuUDyAPoY8CwXvBYE6LwBHd6QW2WZXlOWr1vCw==}
    engines: {node: '>=12.0'}

snapshots:

  '@oozcitak/dom@1.15.10':
    dependencies:
      '@oozcitak/infra': 1.0.8
      '@oozcitak/url': 1.0.4
      '@oozcitak/util': 8.3.8

  '@oozcitak/infra@1.0.8':
    dependencies:
      '@oozcitak/util': 8.3.8

  '@oozcitak/url@1.0.4':
    dependencies:
      '@oozcitak/infra': 1.0.8
      '@oozcitak/util': 8.3.8

  '@oozcitak/util@8.3.8': {}

  '@types/node@22.13.5':
    dependencies:
      undici-types: 6.20.0

  '@types/uuid@10.0.0': {}

  argparse@1.0.10:
    dependencies:
      sprintf-js: 1.0.3

  dom-serializer@2.0.0:
    dependencies:
      domelementtype: 2.3.0
      domhandler: 5.0.3
      entities: 4.5.0

  domelementtype@2.3.0: {}

  domhandler@5.0.3:
    dependencies:
      domelementtype: 2.3.0

  domutils@3.2.2:
    dependencies:
      dom-serializer: 2.0.0
      domelementtype: 2.3.0
      domhandler: 5.0.3

  entities@4.5.0: {}

  entities@6.0.0: {}

  esprima@4.0.1: {}

  htmlparser2@10.0.0:
    dependencies:
      domelementtype: 2.3.0
      domhandler: 5.0.3
      domutils: 3.2.2
      entities: 6.0.0

  js-yaml@3.14.1:
    dependencies:
      argparse: 1.0.10
      esprima: 4.0.1

  jsx-xml@0.3.0:
    dependencies:
      react-is: 18.3.1
      xmlbuilder2: 3.1.1

  react-is@18.3.1: {}

  sprintf-js@1.0.3: {}

  undici-types@6.20.0: {}

  uuid@11.1.0: {}

  xmlbuilder2@3.1.1:
    dependencies:
      '@oozcitak/dom': 1.15.10
      '@oozcitak/infra': 1.0.8
      '@oozcitak/util': 8.3.8
      js-yaml: 3.14.1
